
Microsoft Visual Studio Solution File, Format Version 12.00
# Visual Studio Version 16
VisualStudioVersion = 16.0.30804.86
MinimumVisualStudioVersion = 10.0.40219.1
Project("{9A19103F-16F7-4668-BE54-9A1E7A4F7556}") = "AdventureWorks.DataAccess", "AdventureWorks.DataAccess\AdventureWorks.DataAccess.csproj", "{44CD805E-C986-42A0-807A-E78C9D19362F}"
EndProject
Project("{9A19103F-16F7-4668-BE54-9A1E7A4F7556}") = "AdventureWorks.API", "AdventureWorks.API\AdventureWorks.API.csproj", "{C12877EE-1414-4F2B-B6A7-516D1C1D3571}"
EndProject
Project("{9A19103F-16F7-4668-BE54-9A1E7A4F7556}") = "AdventureWorks.Business", "AdventureWorks.BusinessAccess\AdventureWorks.Business.csproj", "{3AD49C25-F649-4085-9A8B-F2941162AC24}"
EndProject
Project("{9A19103F-16F7-4668-BE54-9A1E7A4F7556}") = "AdventureWorks.UIServer", "AdventureWorks.UIServer\AdventureWorks.UIServer.csproj", "{14B52CDD-54A7-40C8-AA12-80EA0A37828D}"
EndProject
Project("{9A19103F-16F7-4668-BE54-9A1E7A4F7556}") = "AdventureWorks.ViewModel", "AdventureWorks.ViewModel\AdventureWorks.ViewModel.csproj", "{C00D88C3-29ED-4FF6-8884-6C1552D2AA8B}"
EndProject
Global
	GlobalSection(SolutionConfigurationPlatforms) = preSolution
		Debug|Any CPU = Debug|Any CPU
		Release|Any CPU = Release|Any CPU
	EndGlobalSection
	GlobalSection(ProjectConfigurationPlatforms) = postSolution
		{44CD805E-C986-42A0-807A-E78C9D19362F}.Debug|Any CPU.ActiveCfg = Debug|Any CPU
		{44CD805E-C986-42A0-807A-E78C9D19362F}.Debug|Any CPU.Build.0 = Debug|Any CPU
		{44CD805E-C986-42A0-807A-E78C9D19362F}.Release|Any CPU.ActiveCfg = Release|Any CPU
		{44CD805E-C986-42A0-807A-E78C9D19362F}.Release|Any CPU.Build.0 = Release|Any CPU
		{C12877EE-1414-4F2B-B6A7-516D1C1D3571}.Debug|Any CPU.ActiveCfg = Debug|Any CPU
		{C12877EE-1414-4F2B-B6A7-516D1C1D3571}.Debug|Any CPU.Build.0 = Debug|Any CPU
		{C12877EE-1414-4F2B-B6A7-516D1C1D3571}.Release|Any CPU.ActiveCfg = Release|Any CPU
		{C12877EE-1414-4F2B-B6A7-516D1C1D3571}.Release|Any CPU.Build.0 = Release|Any CPU
		{3AD49C25-F649-4085-9A8B-F2941162AC24}.Debug|Any CPU.ActiveCfg = Debug|Any CPU
		{3AD49C25-F649-4085-9A8B-F2941162AC24}.Debug|Any CPU.Build.0 = Debug|Any CPU
		{3AD49C25-F649-4085-9A8B-F2941162AC24}.Release|Any CPU.ActiveCfg = Release|Any CPU
		{3AD49C25-F649-4085-9A8B-F2941162AC24}.Release|Any CPU.Build.0 = Release|Any CPU
		{14B52CDD-54A7-40C8-AA12-80EA0A37828D}.Debug|Any CPU.ActiveCfg = Debug|Any CPU
		{14B52CDD-54A7-40C8-AA12-80EA0A37828D}.Debug|Any CPU.Build.0 = Debug|Any CPU
		{14B52CDD-54A7-40C8-AA12-80EA0A37828D}.Release|Any CPU.ActiveCfg = Release|Any CPU
		{14B52CDD-54A7-40C8-AA12-80EA0A37828D}.Release|Any CPU.Build.0 = Release|Any CPU
		{C00D88C3-29ED-4FF6-8884-6C1552D2AA8B}.Debug|Any CPU.ActiveCfg = Debug|Any CPU
		{C00D88C3-29ED-4FF6-8884-6C1552D2AA8B}.Debug|Any CPU.Build.0 = Debug|Any CPU
		{C00D88C3-29ED-4FF6-8884-6C1552D2AA8B}.Release|Any CPU.ActiveCfg = Release|Any CPU
		{C00D88C3-29ED-4FF6-8884-6C1552D2AA8B}.Release|Any CPU.Build.0 = Release|Any CPU
	EndGlobalSection
	GlobalSection(SolutionProperties) = preSolution
		HideSolutionNode = FALSE
	EndGlobalSection
	GlobalSection(ExtensibilityGlobals) = postSolution
		SolutionGuid = {3163F5F1-FB54-483D-B733-8854C739542A}
	EndGlobalSection
EndGlobal
